// !$*UTF8*$!
{
	archiveVersion = 1;
	classes = {
	};
	objectVersion = 46;
	objects = {

/* Begin PBXBuildFile section */
		001731BF1DC36B3B0082FC01 /* AppDelegate.swift in Sources */ = {isa = PBXBuildFile; fileRef = 001731BE1DC36B3B0082FC01 /* AppDelegate.swift */; };
		001731C11DC36B3B0082FC01 /* ViewController.swift in Sources */ = {isa = PBXBuildFile; fileRef = 001731C01DC36B3B0082FC01 /* ViewController.swift */; };
		001731C41DC36B3B0082FC01 /* Main.storyboard in Resources */ = {isa = PBXBuildFile; fileRef = 001731C21DC36B3B0082FC01 /* Main.storyboard */; };
		001731C61DC36B3B0082FC01 /* Assets.xcassets in Resources */ = {isa = PBXBuildFile; fileRef = 001731C51DC36B3B0082FC01 /* Assets.xcassets */; };
		001731C91DC36B3B0082FC01 /* LaunchScreen.storyboard in Resources */ = {isa = PBXBuildFile; fileRef = 001731C71DC36B3B0082FC01 /* LaunchScreen.storyboard */; };
		0017321D1DC895AC0082FC01 /* TableViewController.swift in Sources */ = {isa = PBXBuildFile; fileRef = 0017321C1DC895AC0082FC01 /* TableViewController.swift */; };
		0017321F1DC895C90082FC01 /* DetailsViewController.swift in Sources */ = {isa = PBXBuildFile; fileRef = 0017321E1DC895C90082FC01 /* DetailsViewController.swift */; };
		001732231DC8A0120082FC01 /* GetData.swift in Sources */ = {isa = PBXBuildFile; fileRef = 001732221DC8A0120082FC01 /* GetData.swift */; };
		001732591DCD13E40082FC01 /* MyDataTableViewCell.swift in Sources */ = {isa = PBXBuildFile; fileRef = 001732581DCD13E40082FC01 /* MyDataTableViewCell.swift */; };
		AECBDEE7256CB08D009E3569 /* Interface.storyboard in Resources */ = {isa = PBXBuildFile; fileRef = AECBDEE5256CB08D009E3569 /* Interface.storyboard */; };
		AECBDEE9256CB08E009E3569 /* Assets.xcassets in Resources */ = {isa = PBXBuildFile; fileRef = AECBDEE8256CB08E009E3569 /* Assets.xcassets */; };
		AECBDEF0256CB08F009E3569 /* Json-WatchApp-WatchKit Extension.appex in Embed App Extensions */ = {isa = PBXBuildFile; fileRef = AECBDEEF256CB08E009E3569 /* Json-WatchApp-WatchKit Extension.appex */; settings = {ATTRIBUTES = (RemoveHeadersOnCopy, ); }; };
		AECBDEF5256CB08F009E3569 /* InterfaceController.swift in Sources */ = {isa = PBXBuildFile; fileRef = AECBDEF4256CB08F009E3569 /* InterfaceController.swift */; };
		AECBDEF7256CB08F009E3569 /* ExtensionDelegate.swift in Sources */ = {isa = PBXBuildFile; fileRef = AECBDEF6256CB08F009E3569 /* ExtensionDelegate.swift */; };
		AECBDEF9256CB08F009E3569 /* NotificationController.swift in Sources */ = {isa = PBXBuildFile; fileRef = AECBDEF8256CB08F009E3569 /* NotificationController.swift */; };
		AECBDEFB256CB08F009E3569 /* Assets.xcassets in Resources */ = {isa = PBXBuildFile; fileRef = AECBDEFA256CB08F009E3569 /* Assets.xcassets */; };
		AECBDF00256CB08F009E3569 /* Json-WatchApp-WatchKit.app in Embed Watch Content */ = {isa = PBXBuildFile; fileRef = AECBDEE3256CB08D009E3569 /* Json-WatchApp-WatchKit.app */; };
		AECBDF0A256CB143009E3569 /* CarObject.swift in Sources */ = {isa = PBXBuildFile; fileRef = AECBDF09256CB143009E3569 /* CarObject.swift */; };
		AECBDF0B256CB1F9009E3569 /* CarObject.swift in Sources */ = {isa = PBXBuildFile; fileRef = AECBDF09256CB143009E3569 /* CarObject.swift */; };
		AECBDF0D256CC7A5009E3569 /* CarRowController.swift in Sources */ = {isa = PBXBuildFile; fileRef = AECBDF0C256CC7A5009E3569 /* CarRowController.swift */; };
		AECBDF0F256CC830009E3569 /* CarInterfaceController.swift in Sources */ = {isa = PBXBuildFile; fileRef = AECBDF0E256CC830009E3569 /* CarInterfaceController.swift */; };
/* End PBXBuildFile section */

/* Begin PBXContainerItemProxy section */
		AECBDEF1256CB08F009E3569 /* PBXContainerItemProxy */ = {
			isa = PBXContainerItemProxy;
			containerPortal = 001731B31DC36B3B0082FC01 /* Project object */;
			proxyType = 1;
			remoteGlobalIDString = AECBDEEE256CB08E009E3569;
			remoteInfo = "Json-WatchApp-WatchKit Extension";
		};
		AECBDEFE256CB08F009E3569 /* PBXContainerItemProxy */ = {
			isa = PBXContainerItemProxy;
			containerPortal = 001731B31DC36B3B0082FC01 /* Project object */;
			proxyType = 1;
			remoteGlobalIDString = AECBDEE2256CB08D009E3569;
			remoteInfo = "Json-WatchApp-WatchKit";
		};
/* End PBXContainerItemProxy section */

/* Begin PBXCopyFilesBuildPhase section */
		AECBDF04256CB08F009E3569 /* Embed App Extensions */ = {
			isa = PBXCopyFilesBuildPhase;
			buildActionMask = 2147483647;
			dstPath = "";
			dstSubfolderSpec = 13;
			files = (
				AECBDEF0256CB08F009E3569 /* Json-WatchApp-WatchKit Extension.appex in Embed App Extensions */,
			);
			name = "Embed App Extensions";
			runOnlyForDeploymentPostprocessing = 0;
		};
		AECBDF08256CB08F009E3569 /* Embed Watch Content */ = {
			isa = PBXCopyFilesBuildPhase;
			buildActionMask = 2147483647;
			dstPath = "$(CONTENTS_FOLDER_PATH)/Watch";
			dstSubfolderSpec = 16;
			files = (
				AECBDF00256CB08F009E3569 /* Json-WatchApp-WatchKit.app in Embed Watch Content */,
			);
			name = "Embed Watch Content";
			runOnlyForDeploymentPostprocessing = 0;
		};
/* End PBXCopyFilesBuildPhase section */

/* Begin PBXFileReference section */
		001731BB1DC36B3B0082FC01 /* Json-WatchApp.app */ = {isa = PBXFileReference; explicitFileType = wrapper.application; includeInIndex = 0; path = "Json-WatchApp.app"; sourceTree = BUILT_PRODUCTS_DIR; };
		001731BE1DC36B3B0082FC01 /* AppDelegate.swift */ = {isa = PBXFileReference; lastKnownFileType = sourcecode.swift; path = AppDelegate.swift; sourceTree = "<group>"; };
		001731C01DC36B3B0082FC01 /* ViewController.swift */ = {isa = PBXFileReference; lastKnownFileType = sourcecode.swift; path = ViewController.swift; sourceTree = "<group>"; };
		001731C31DC36B3B0082FC01 /* Base */ = {isa = PBXFileReference; lastKnownFileType = file.storyboard; name = Base; path = Base.lproj/Main.storyboard; sourceTree = "<group>"; };
		001731C51DC36B3B0082FC01 /* Assets.xcassets */ = {isa = PBXFileReference; lastKnownFileType = folder.assetcatalog; path = Assets.xcassets; sourceTree = "<group>"; };
		001731C81DC36B3B0082FC01 /* Base */ = {isa = PBXFileReference; lastKnownFileType = file.storyboard; name = Base; path = Base.lproj/LaunchScreen.storyboard; sourceTree = "<group>"; };
		001731CA1DC36B3B0082FC01 /* Info.plist */ = {isa = PBXFileReference; lastKnownFileType = text.plist.xml; path = Info.plist; sourceTree = "<group>"; };
		0017321C1DC895AC0082FC01 /* TableViewController.swift */ = {isa = PBXFileReference; fileEncoding = 4; lastKnownFileType = sourcecode.swift; path = TableViewController.swift; sourceTree = "<group>"; };
		0017321E1DC895C90082FC01 /* DetailsViewController.swift */ = {isa = PBXFileReference; fileEncoding = 4; lastKnownFileType = sourcecode.swift; path = DetailsViewController.swift; sourceTree = "<group>"; };
		001732221DC8A0120082FC01 /* GetData.swift */ = {isa = PBXFileReference; fileEncoding = 4; lastKnownFileType = sourcecode.swift; path = GetData.swift; sourceTree = "<group>"; };
		001732581DCD13E40082FC01 /* MyDataTableViewCell.swift */ = {isa = PBXFileReference; fileEncoding = 4; lastKnownFileType = sourcecode.swift; path = MyDataTableViewCell.swift; sourceTree = "<group>"; };
		AECBDEE3256CB08D009E3569 /* Json-WatchApp-WatchKit.app */ = {isa = PBXFileReference; explicitFileType = wrapper.application; includeInIndex = 0; path = "Json-WatchApp-WatchKit.app"; sourceTree = BUILT_PRODUCTS_DIR; };
		AECBDEE6256CB08D009E3569 /* Base */ = {isa = PBXFileReference; lastKnownFileType = file.storyboard; name = Base; path = Base.lproj/Interface.storyboard; sourceTree = "<group>"; };
		AECBDEE8256CB08E009E3569 /* Assets.xcassets */ = {isa = PBXFileReference; lastKnownFileType = folder.assetcatalog; path = Assets.xcassets; sourceTree = "<group>"; };
		AECBDEEA256CB08E009E3569 /* Info.plist */ = {isa = PBXFileReference; lastKnownFileType = text.plist.xml; path = Info.plist; sourceTree = "<group>"; };
		AECBDEEF256CB08E009E3569 /* Json-WatchApp-WatchKit Extension.appex */ = {isa = PBXFileReference; explicitFileType = "wrapper.app-extension"; includeInIndex = 0; path = "Json-WatchApp-WatchKit Extension.appex"; sourceTree = BUILT_PRODUCTS_DIR; };
		AECBDEF4256CB08F009E3569 /* InterfaceController.swift */ = {isa = PBXFileReference; lastKnownFileType = sourcecode.swift; path = InterfaceController.swift; sourceTree = "<group>"; };
		AECBDEF6256CB08F009E3569 /* ExtensionDelegate.swift */ = {isa = PBXFileReference; lastKnownFileType = sourcecode.swift; path = ExtensionDelegate.swift; sourceTree = "<group>"; };
		AECBDEF8256CB08F009E3569 /* NotificationController.swift */ = {isa = PBXFileReference; lastKnownFileType = sourcecode.swift; path = NotificationController.swift; sourceTree = "<group>"; };
		AECBDEFA256CB08F009E3569 /* Assets.xcassets */ = {isa = PBXFileReference; lastKnownFileType = folder.assetcatalog; path = Assets.xcassets; sourceTree = "<group>"; };
		AECBDEFC256CB08F009E3569 /* Info.plist */ = {isa = PBXFileReference; lastKnownFileType = text.plist.xml; path = Info.plist; sourceTree = "<group>"; };
		AECBDEFD256CB08F009E3569 /* PushNotificationPayload.apns */ = {isa = PBXFileReference; lastKnownFileType = text; path = PushNotificationPayload.apns; sourceTree = "<group>"; };
		AECBDF09256CB143009E3569 /* CarObject.swift */ = {isa = PBXFileReference; lastKnownFileType = sourcecode.swift; path = CarObject.swift; sourceTree = "<group>"; };
		AECBDF0C256CC7A5009E3569 /* CarRowController.swift */ = {isa = PBXFileReference; lastKnownFileType = sourcecode.swift; path = CarRowController.swift; sourceTree = "<group>"; };
		AECBDF0E256CC830009E3569 /* CarInterfaceController.swift */ = {isa = PBXFileReference; lastKnownFileType = sourcecode.swift; path = CarInterfaceController.swift; sourceTree = "<group>"; };
/* End PBXFileReference section */

/* Begin PBXFrameworksBuildPhase section */
		001731B81DC36B3B0082FC01 /* Frameworks */ = {
			isa = PBXFrameworksBuildPhase;
			buildActionMask = 2147483647;
			files = (
			);
			runOnlyForDeploymentPostprocessing = 0;
		};
		AECBDEEC256CB08E009E3569 /* Frameworks */ = {
			isa = PBXFrameworksBuildPhase;
			buildActionMask = 2147483647;
			files = (
			);
			runOnlyForDeploymentPostprocessing = 0;
		};
/* End PBXFrameworksBuildPhase section */

/* Begin PBXGroup section */
		001731B21DC36B3B0082FC01 = {
			isa = PBXGroup;
			children = (
				001731BD1DC36B3B0082FC01 /* Json-WatchApp-Iphone */,
				AECBDEE4256CB08D009E3569 /* Json-WatchApp-WatchKit */,
				AECBDEF3256CB08F009E3569 /* Json-WatchApp-WatchKit Extension */,
				001731BC1DC36B3B0082FC01 /* Products */,
			);
			sourceTree = "<group>";
		};
		001731BC1DC36B3B0082FC01 /* Products */ = {
			isa = PBXGroup;
			children = (
				001731BB1DC36B3B0082FC01 /* Json-WatchApp.app */,
				AECBDEE3256CB08D009E3569 /* Json-WatchApp-WatchKit.app */,
				AECBDEEF256CB08E009E3569 /* Json-WatchApp-WatchKit Extension.appex */,
			);
			name = Products;
			sourceTree = "<group>";
		};
		001731BD1DC36B3B0082FC01 /* Json-WatchApp-Iphone */ = {
			isa = PBXGroup;
			children = (
				001731D21DC36B660082FC01 /* Special Classes */,
				001731D11DC36B5A0082FC01 /* View Controller */,
				001731D01DC36B4A0082FC01 /* Storyboards */,
				001731C51DC36B3B0082FC01 /* Assets.xcassets */,
				001731CA1DC36B3B0082FC01 /* Info.plist */,
			);
			path = "Json-WatchApp-Iphone";
			sourceTree = "<group>";
		};
		001731D01DC36B4A0082FC01 /* Storyboards */ = {
			isa = PBXGroup;
			children = (
				001731C71DC36B3B0082FC01 /* LaunchScreen.storyboard */,
				001731C21DC36B3B0082FC01 /* Main.storyboard */,
			);
			name = Storyboards;
			sourceTree = "<group>";
		};
		001731D11DC36B5A0082FC01 /* View Controller */ = {
			isa = PBXGroup;
			children = (
				001731C01DC36B3B0082FC01 /* ViewController.swift */,
				0017321C1DC895AC0082FC01 /* TableViewController.swift */,
				0017321E1DC895C90082FC01 /* DetailsViewController.swift */,
			);
			name = "View Controller";
			sourceTree = "<group>";
		};
		001731D21DC36B660082FC01 /* Special Classes */ = {
			isa = PBXGroup;
			children = (
				001731BE1DC36B3B0082FC01 /* AppDelegate.swift */,
				001732221DC8A0120082FC01 /* GetData.swift */,
				001732581DCD13E40082FC01 /* MyDataTableViewCell.swift */,
				AECBDF09256CB143009E3569 /* CarObject.swift */,
			);
			name = "Special Classes";
			sourceTree = "<group>";
		};
		AECBDEE4256CB08D009E3569 /* Json-WatchApp-WatchKit */ = {
			isa = PBXGroup;
			children = (
				AECBDEE5256CB08D009E3569 /* Interface.storyboard */,
				AECBDEE8256CB08E009E3569 /* Assets.xcassets */,
				AECBDEEA256CB08E009E3569 /* Info.plist */,
			);
			path = "Json-WatchApp-WatchKit";
			sourceTree = "<group>";
		};
		AECBDEF3256CB08F009E3569 /* Json-WatchApp-WatchKit Extension */ = {
			isa = PBXGroup;
			children = (
				AECBDEF4256CB08F009E3569 /* InterfaceController.swift */,
				AECBDEF6256CB08F009E3569 /* ExtensionDelegate.swift */,
				AECBDEF8256CB08F009E3569 /* NotificationController.swift */,
				AECBDEFA256CB08F009E3569 /* Assets.xcassets */,
				AECBDEFC256CB08F009E3569 /* Info.plist */,
				AECBDEFD256CB08F009E3569 /* PushNotificationPayload.apns */,
				AECBDF0C256CC7A5009E3569 /* CarRowController.swift */,
				AECBDF0E256CC830009E3569 /* CarInterfaceController.swift */,
			);
			path = "Json-WatchApp-WatchKit Extension";
			sourceTree = "<group>";
		};
/* End PBXGroup section */

/* Begin PBXNativeTarget section */
		001731BA1DC36B3B0082FC01 /* Json-WatchApp */ = {
			isa = PBXNativeTarget;
			buildConfigurationList = 001731CD1DC36B3B0082FC01 /* Build configuration list for PBXNativeTarget "Json-WatchApp" */;
			buildPhases = (
				001731B71DC36B3B0082FC01 /* Sources */,
				001731B81DC36B3B0082FC01 /* Frameworks */,
				001731B91DC36B3B0082FC01 /* Resources */,
				AECBDF08256CB08F009E3569 /* Embed Watch Content */,
			);
			buildRules = (
			);
			dependencies = (
				AECBDEFF256CB08F009E3569 /* PBXTargetDependency */,
			);
			name = "Json-WatchApp";
			productName = w10JSONRemoteParsing;
			productReference = 001731BB1DC36B3B0082FC01 /* Json-WatchApp.app */;
			productType = "com.apple.product-type.application";
		};
		AECBDEE2256CB08D009E3569 /* Json-WatchApp-WatchKit */ = {
			isa = PBXNativeTarget;
			buildConfigurationList = AECBDF05256CB08F009E3569 /* Build configuration list for PBXNativeTarget "Json-WatchApp-WatchKit" */;
			buildPhases = (
				AECBDEE1256CB08D009E3569 /* Resources */,
				AECBDF04256CB08F009E3569 /* Embed App Extensions */,
			);
			buildRules = (
			);
			dependencies = (
				AECBDEF2256CB08F009E3569 /* PBXTargetDependency */,
			);
			name = "Json-WatchApp-WatchKit";
			productName = "Json-WatchApp-WatchKit";
			productReference = AECBDEE3256CB08D009E3569 /* Json-WatchApp-WatchKit.app */;
			productType = "com.apple.product-type.application.watchapp2";
		};
		AECBDEEE256CB08E009E3569 /* Json-WatchApp-WatchKit Extension */ = {
			isa = PBXNativeTarget;
			buildConfigurationList = AECBDF01256CB08F009E3569 /* Build configuration list for PBXNativeTarget "Json-WatchApp-WatchKit Extension" */;
			buildPhases = (
				AECBDEEB256CB08E009E3569 /* Sources */,
				AECBDEEC256CB08E009E3569 /* Frameworks */,
				AECBDEED256CB08E009E3569 /* Resources */,
			);
			buildRules = (
			);
			dependencies = (
			);
			name = "Json-WatchApp-WatchKit Extension";
			productName = "Json-WatchApp-WatchKit Extension";
			productReference = AECBDEEF256CB08E009E3569 /* Json-WatchApp-WatchKit Extension.appex */;
			productType = "com.apple.product-type.watchkit2-extension";
		};
/* End PBXNativeTarget section */

/* Begin PBXProject section */
		001731B31DC36B3B0082FC01 /* Project object */ = {
			isa = PBXProject;
			attributes = {
				LastSwiftUpdateCheck = 1030;
				LastUpgradeCheck = 1030;
				ORGANIZATIONNAME = "";
				TargetAttributes = {
					001731BA1DC36B3B0082FC01 = {
						CreatedOnToolsVersion = 8.0;
						ProvisioningStyle = Automatic;
					};
					AECBDEE2256CB08D009E3569 = {
						CreatedOnToolsVersion = 10.3;
						ProvisioningStyle = Automatic;
					};
					AECBDEEE256CB08E009E3569 = {
						CreatedOnToolsVersion = 10.3;
						ProvisioningStyle = Automatic;
					};
				};
			};
			buildConfigurationList = 001731B61DC36B3B0082FC01 /* Build configuration list for PBXProject "Json-WatchApp" */;
			compatibilityVersion = "Xcode 3.2";
			developmentRegion = English;
			hasScannedForEncodings = 0;
			knownRegions = (
				English,
				en,
				Base,
			);
			mainGroup = 001731B21DC36B3B0082FC01;
			productRefGroup = 001731BC1DC36B3B0082FC01 /* Products */;
			projectDirPath = "";
			projectRoot = "";
			targets = (
				001731BA1DC36B3B0082FC01 /* Json-WatchApp */,
				AECBDEE2256CB08D009E3569 /* Json-WatchApp-WatchKit */,
				AECBDEEE256CB08E009E3569 /* Json-WatchApp-WatchKit Extension */,
			);
		};
/* End PBXProject section */

/* Begin PBXResourcesBuildPhase section */
		001731B91DC36B3B0082FC01 /* Resources */ = {
			isa = PBXResourcesBuildPhase;
			buildActionMask = 2147483647;
			files = (
				001731C91DC36B3B0082FC01 /* LaunchScreen.storyboard in Resources */,
				001731C61DC36B3B0082FC01 /* Assets.xcassets in Resources */,
				001731C41DC36B3B0082FC01 /* Main.storyboard in Resources */,
			);
			runOnlyForDeploymentPostprocessing = 0;
		};
		AECBDEE1256CB08D009E3569 /* Resources */ = {
			isa = PBXResourcesBuildPhase;
			buildActionMask = 2147483647;
			files = (
				AECBDEE9256CB08E009E3569 /* Assets.xcassets in Resources */,
				AECBDEE7256CB08D009E3569 /* Interface.storyboard in Resources */,
			);
			runOnlyForDeploymentPostprocessing = 0;
		};
		AECBDEED256CB08E009E3569 /* Resources */ = {
			isa = PBXResourcesBuildPhase;
			buildActionMask = 2147483647;
			files = (
				AECBDEFB256CB08F009E3569 /* Assets.xcassets in Resources */,
			);
			runOnlyForDeploymentPostprocessing = 0;
		};
/* End PBXResourcesBuildPhase section */

/* Begin PBXSourcesBuildPhase section */
		001731B71DC36B3B0082FC01 /* Sources */ = {
			isa = PBXSourcesBuildPhase;
			buildActionMask = 2147483647;
			files = (
				001731C11DC36B3B0082FC01 /* ViewController.swift in Sources */,
				0017321D1DC895AC0082FC01 /* TableViewController.swift in Sources */,
				001732231DC8A0120082FC01 /* GetData.swift in Sources */,
				001732591DCD13E40082FC01 /* MyDataTableViewCell.swift in Sources */,
				AECBDF0A256CB143009E3569 /* CarObject.swift in Sources */,
				001731BF1DC36B3B0082FC01 /* AppDelegate.swift in Sources */,
				0017321F1DC895C90082FC01 /* DetailsViewController.swift in Sources */,
			);
			runOnlyForDeploymentPostprocessing = 0;
		};
		AECBDEEB256CB08E009E3569 /* Sources */ = {
			isa = PBXSourcesBuildPhase;
			buildActionMask = 2147483647;
			files = (
				AECBDEF9256CB08F009E3569 /* NotificationController.swift in Sources */,
				AECBDEF7256CB08F009E3569 /* ExtensionDelegate.swift in Sources */,
				AECBDF0D256CC7A5009E3569 /* CarRowController.swift in Sources */,
				AECBDEF5256CB08F009E3569 /* InterfaceController.swift in Sources */,
				AECBDF0F256CC830009E3569 /* CarInterfaceController.swift in Sources */,
				AECBDF0B256CB1F9009E3569 /* CarObject.swift in Sources */,
			);
			runOnlyForDeploymentPostprocessing = 0;
		};
/* End PBXSourcesBuildPhase section */

/* Begin PBXTargetDependency section */
		AECBDEF2256CB08F009E3569 /* PBXTargetDependency */ = {
			isa = PBXTargetDependency;
			target = AECBDEEE256CB08E009E3569 /* Json-WatchApp-WatchKit Extension */;
			targetProxy = AECBDEF1256CB08F009E3569 /* PBXContainerItemProxy */;
		};
		AECBDEFF256CB08F009E3569 /* PBXTargetDependency */ = {
			isa = PBXTargetDependency;
			target = AECBDEE2256CB08D009E3569 /* Json-WatchApp-WatchKit */;
			targetProxy = AECBDEFE256CB08F009E3569 /* PBXContainerItemProxy */;
		};
/* End PBXTargetDependency section */

/* Begin PBXVariantGroup section */
		001731C21DC36B3B0082FC01 /* Main.storyboard */ = {
			isa = PBXVariantGroup;
			children = (
				001731C31DC36B3B0082FC01 /* Base */,
			);
			name = Main.storyboard;
			sourceTree = "<group>";
		};
		001731C71DC36B3B0082FC01 /* LaunchScreen.storyboard */ = {
			isa = PBXVariantGroup;
			children = (
				001731C81DC36B3B0082FC01 /* Base */,
			);
			name = LaunchScreen.storyboard;
			sourceTree = "<group>";
		};
		AECBDEE5256CB08D009E3569 /* Interface.storyboard */ = {
			isa = PBXVariantGroup;
			children = (
				AECBDEE6256CB08D009E3569 /* Base */,
			);
			name = Interface.storyboard;
			sourceTree = "<group>";
		};
/* End PBXVariantGroup section */

/* Begin XCBuildConfiguration section */
		001731CB1DC36B3B0082FC01 /* Debug */ = {
			isa = XCBuildConfiguration;
			buildSettings = {
				ALWAYS_SEARCH_USER_PATHS = NO;
				CLANG_ANALYZER_LOCALIZABILITY_NONLOCALIZED = YES;
				CLANG_ANALYZER_NONNULL = YES;
				CLANG_CXX_LANGUAGE_STANDARD = "gnu++0x";
				CLANG_CXX_LIBRARY = "libc++";
				CLANG_ENABLE_MODULES = YES;
				CLANG_ENABLE_OBJC_ARC = YES;
				CLANG_WARN_BLOCK_CAPTURE_AUTORELEASING = YES;
				CLANG_WARN_BOOL_CONVERSION = YES;
				CLANG_WARN_COMMA = YES;
				CLANG_WARN_CONSTANT_CONVERSION = YES;
				CLANG_WARN_DEPRECATED_OBJC_IMPLEMENTATIONS = YES;
				CLANG_WARN_DIRECT_OBJC_ISA_USAGE = YES_ERROR;
				CLANG_WARN_DOCUMENTATION_COMMENTS = YES;
				CLANG_WARN_EMPTY_BODY = YES;
				CLANG_WARN_ENUM_CONVERSION = YES;
				CLANG_WARN_INFINITE_RECURSION = YES;
				CLANG_WARN_INT_CONVERSION = YES;
				CLANG_WARN_NON_LITERAL_NULL_CONVERSION = YES;
				CLANG_WARN_OBJC_IMPLICIT_RETAIN_SELF = YES;
				CLANG_WARN_OBJC_LITERAL_CONVERSION = YES;
				CLANG_WARN_OBJC_ROOT_CLASS = YES_ERROR;
				CLANG_WARN_RANGE_LOOP_ANALYSIS = YES;
				CLANG_WARN_STRICT_PROTOTYPES = YES;
				CLANG_WARN_SUSPICIOUS_MOVE = YES;
				CLANG_WARN_SUSPICIOUS_MOVES = YES;
				CLANG_WARN_UNREACHABLE_CODE = YES;
				CLANG_WARN__DUPLICATE_METHOD_MATCH = YES;
				"CODE_SIGN_IDENTITY[sdk=iphoneos*]" = "iPhone Developer";
				COPY_PHASE_STRIP = NO;
				DEBUG_INFORMATION_FORMAT = dwarf;
				ENABLE_STRICT_OBJC_MSGSEND = YES;
				ENABLE_TESTABILITY = YES;
				GCC_C_LANGUAGE_STANDARD = gnu99;
				GCC_DYNAMIC_NO_PIC = NO;
				GCC_NO_COMMON_BLOCKS = YES;
				GCC_OPTIMIZATION_LEVEL = 0;
				GCC_PREPROCESSOR_DEFINITIONS = (
					"DEBUG=1",
					"$(inherited)",
				);
				GCC_WARN_64_TO_32_BIT_CONVERSION = YES;
				GCC_WARN_ABOUT_RETURN_TYPE = YES_ERROR;
				GCC_WARN_UNDECLARED_SELECTOR = YES;
				GCC_WARN_UNINITIALIZED_AUTOS = YES_AGGRESSIVE;
				GCC_WARN_UNUSED_FUNCTION = YES;
				GCC_WARN_UNUSED_VARIABLE = YES;
				IPHONEOS_DEPLOYMENT_TARGET = 10.0;
				MTL_ENABLE_DEBUG_INFO = YES;
				ONLY_ACTIVE_ARCH = YES;
				SDKROOT = iphoneos;
				SWIFT_ACTIVE_COMPILATION_CONDITIONS = DEBUG;
				SWIFT_OPTIMIZATION_LEVEL = "-Onone";
				SWIFT_VERSION = 5.0;
				TARGETED_DEVICE_FAMILY = "1,2";
			};
			name = Debug;
		};
		001731CC1DC36B3B0082FC01 /* Release */ = {
			isa = XCBuildConfiguration;
			buildSettings = {
				ALWAYS_SEARCH_USER_PATHS = NO;
				CLANG_ANALYZER_LOCALIZABILITY_NONLOCALIZED = YES;
				CLANG_ANALYZER_NONNULL = YES;
				CLANG_CXX_LANGUAGE_STANDARD = "gnu++0x";
				CLANG_CXX_LIBRARY = "libc++";
				CLANG_ENABLE_MODULES = YES;
				CLANG_ENABLE_OBJC_ARC = YES;
				CLANG_WARN_BLOCK_CAPTURE_AUTORELEASING = YES;
				CLANG_WARN_BOOL_CONVERSION = YES;
				CLANG_WARN_COMMA = YES;
				CLANG_WARN_CONSTANT_CONVERSION = YES;
				CLANG_WARN_DEPRECATED_OBJC_IMPLEMENTATIONS = YES;
				CLANG_WARN_DIRECT_OBJC_ISA_USAGE = YES_ERROR;
				CLANG_WARN_DOCUMENTATION_COMMENTS = YES;
				CLANG_WARN_EMPTY_BODY = YES;
				CLANG_WARN_ENUM_CONVERSION = YES;
				CLANG_WARN_INFINITE_RECURSION = YES;
				CLANG_WARN_INT_CONVERSION = YES;
				CLANG_WARN_NON_LITERAL_NULL_CONVERSION = YES;
				CLANG_WARN_OBJC_IMPLICIT_RETAIN_SELF = YES;
				CLANG_WARN_OBJC_LITERAL_CONVERSION = YES;
				CLANG_WARN_OBJC_ROOT_CLASS = YES_ERROR;
				CLANG_WARN_RANGE_LOOP_ANALYSIS = YES;
				CLANG_WARN_STRICT_PROTOTYPES = YES;
				CLANG_WARN_SUSPICIOUS_MOVE = YES;
				CLANG_WARN_SUSPICIOUS_MOVES = YES;
				CLANG_WARN_UNREACHABLE_CODE = YES;
				CLANG_WARN__DUPLICATE_METHOD_MATCH = YES;
				"CODE_SIGN_IDENTITY[sdk=iphoneos*]" = "iPhone Developer";
				COPY_PHASE_STRIP = NO;
				DEBUG_INFORMATION_FORMAT = "dwarf-with-dsym";
				ENABLE_NS_ASSERTIONS = NO;
				ENABLE_STRICT_OBJC_MSGSEND = YES;
				GCC_C_LANGUAGE_STANDARD = gnu99;
				GCC_NO_COMMON_BLOCKS = YES;
				GCC_WARN_64_TO_32_BIT_CONVERSION = YES;
				GCC_WARN_ABOUT_RETURN_TYPE = YES_ERROR;
				GCC_WARN_UNDECLARED_SELECTOR = YES;
				GCC_WARN_UNINITIALIZED_AUTOS = YES_AGGRESSIVE;
				GCC_WARN_UNUSED_FUNCTION = YES;
				GCC_WARN_UNUSED_VARIABLE = YES;
				IPHONEOS_DEPLOYMENT_TARGET = 10.0;
				MTL_ENABLE_DEBUG_INFO = NO;
				SDKROOT = iphoneos;
				SWIFT_OPTIMIZATION_LEVEL = "-Owholemodule";
				SWIFT_VERSION = 5.0;
				TARGETED_DEVICE_FAMILY = "1,2";
				VALIDATE_PRODUCT = YES;
			};
			name = Release;
		};
		001731CE1DC36B3B0082FC01 /* Debug */ = {
			isa = XCBuildConfiguration;
			buildSettings = {
				ASSETCATALOG_COMPILER_APPICON_NAME = AppIcon;
				INFOPLIST_FILE = "$(SRCROOT)/Json-WatchApp-Iphone/Info.plist";
				LD_RUNPATH_SEARCH_PATHS = "$(inherited) @executable_path/Frameworks";
				PRODUCT_BUNDLE_IDENTIFIER = com.sheridan.krutikParikh;
				PRODUCT_NAME = "$(TARGET_NAME)";
				SWIFT_VERSION = 5.0;
			};
			name = Debug;
		};
		001731CF1DC36B3B0082FC01 /* Release */ = {
			isa = XCBuildConfiguration;
			buildSettings = {
				ASSETCATALOG_COMPILER_APPICON_NAME = AppIcon;
				INFOPLIST_FILE = "$(SRCROOT)/Json-WatchApp-Iphone/Info.plist";
				LD_RUNPATH_SEARCH_PATHS = "$(inherited) @executable_path/Frameworks";
				PRODUCT_BUNDLE_IDENTIFIER = com.sheridan.krutikParikh;
				PRODUCT_NAME = "$(TARGET_NAME)";
				SWIFT_VERSION = 5.0;
			};
			name = Release;
		};
		AECBDF02256CB08F009E3569 /* Debug */ = {
			isa = XCBuildConfiguration;
			buildSettings = {
				ASSETCATALOG_COMPILER_COMPLICATION_NAME = Complication;
				CLANG_ANALYZER_NUMBER_OBJECT_CONVERSION = YES_AGGRESSIVE;
				CLANG_CXX_LANGUAGE_STANDARD = "gnu++14";
				CLANG_ENABLE_OBJC_WEAK = YES;
				CLANG_WARN_UNGUARDED_AVAILABILITY = YES_AGGRESSIVE;
				CODE_SIGN_STYLE = Automatic;
				GCC_C_LANGUAGE_STANDARD = gnu11;
				INFOPLIST_FILE = "Json-WatchApp-WatchKit Extension/Info.plist";
				LD_RUNPATH_SEARCH_PATHS = "$(inherited) @executable_path/Frameworks @executable_path/../../Frameworks";
				MTL_ENABLE_DEBUG_INFO = INCLUDE_SOURCE;
				MTL_FAST_MATH = YES;
				PRODUCT_BUNDLE_IDENTIFIER = com.sheridan.krutikParikh.watchkitapp.watchkitextension;
				PRODUCT_NAME = "${TARGET_NAME}";
				SDKROOT = watchos;
				SKIP_INSTALL = YES;
				SWIFT_VERSION = 5.0;
				TARGETED_DEVICE_FAMILY = 4;
				WATCHOS_DEPLOYMENT_TARGET = 5.3;
			};
			name = Debug;
		};
		AECBDF03256CB08F009E3569 /* Release */ = {
			isa = XCBuildConfiguration;
			buildSettings = {
				ASSETCATALOG_COMPILER_COMPLICATION_NAME = Complication;
				CLANG_ANALYZER_NUMBER_OBJECT_CONVERSION = YES_AGGRESSIVE;
				CLANG_CXX_LANGUAGE_STANDARD = "gnu++14";
				CLANG_ENABLE_OBJC_WEAK = YES;
				CLANG_WARN_UNGUARDED_AVAILABILITY = YES_AGGRESSIVE;
				CODE_SIGN_STYLE = Automatic;
				GCC_C_LANGUAGE_STANDARD = gnu11;
				INFOPLIST_FILE = "Json-WatchApp-WatchKit Extension/Info.plist";
				LD_RUNPATH_SEARCH_PATHS = "$(inherited) @executable_path/Frameworks @executable_path/../../Frameworks";
				MTL_FAST_MATH = YES;
				PRODUCT_BUNDLE_IDENTIFIER = com.sheridan.krutikParikh.watchkitapp.watchkitextension;
				PRODUCT_NAME = "${TARGET_NAME}";
				SDKROOT = watchos;
				SKIP_INSTALL = YES;
				SWIFT_VERSION = 5.0;
				TARGETED_DEVICE_FAMILY = 4;
				WATCHOS_DEPLOYMENT_TARGET = 5.3;
			};
			name = Release;
		};
		AECBDF06256CB08F009E3569 /* Debug */ = {
			isa = XCBuildConfiguration;
			buildSettings = {
				ALWAYS_EMBED_SWIFT_STANDARD_LIBRARIES = YES;
				ASSETCATALOG_COMPILER_APPICON_NAME = AppIcon;
				CLANG_ANALYZER_NUMBER_OBJECT_CONVERSION = YES_AGGRESSIVE;
				CLANG_CXX_LANGUAGE_STANDARD = "gnu++14";
				CLANG_ENABLE_OBJC_WEAK = YES;
				CLANG_WARN_UNGUARDED_AVAILABILITY = YES_AGGRESSIVE;
				CODE_SIGN_STYLE = Automatic;
				GCC_C_LANGUAGE_STANDARD = gnu11;
				IBSC_MODULE = Json_WatchApp_WatchKit_Extension;
				INFOPLIST_FILE = "Json-WatchApp-WatchKit/Info.plist";
				MTL_ENABLE_DEBUG_INFO = INCLUDE_SOURCE;
				MTL_FAST_MATH = YES;
				PRODUCT_BUNDLE_IDENTIFIER = com.sheridan.krutikParikh.watchkitapp;
				PRODUCT_NAME = "$(TARGET_NAME)";
				SDKROOT = watchos;
				SKIP_INSTALL = YES;
				SWIFT_VERSION = 5.0;
				TARGETED_DEVICE_FAMILY = 4;
				WATCHOS_DEPLOYMENT_TARGET = 5.3;
			};
			name = Debug;
		};
		AECBDF07256CB08F009E3569 /* Release */ = {
			isa = XCBuildConfiguration;
			buildSettings = {
				ALWAYS_EMBED_SWIFT_STANDARD_LIBRARIES = YES;
				ASSETCATALOG_COMPILER_APPICON_NAME = AppIcon;
				CLANG_ANALYZER_NUMBER_OBJECT_CONVERSION = YES_AGGRESSIVE;
				CLANG_CXX_LANGUAGE_STANDARD = "gnu++14";
				CLANG_ENABLE_OBJC_WEAK = YES;
				CLANG_WARN_UNGUARDED_AVAILABILITY = YES_AGGRESSIVE;
				CODE_SIGN_STYLE = Automatic;
				GCC_C_LANGUAGE_STANDARD = gnu11;
				IBSC_MODULE = Json_WatchApp_WatchKit_Extension;
				INFOPLIST_FILE = "Json-WatchApp-WatchKit/Info.plist";
				MTL_FAST_MATH = YES;
				PRODUCT_BUNDLE_IDENTIFIER = com.sheridan.krutikParikh.watchkitapp;
				PRODUCT_NAME = "$(TARGET_NAME)";
				SDKROOT = watchos;
				SKIP_INSTALL = YES;
				SWIFT_VERSION = 5.0;
				TARGETED_DEVICE_FAMILY = 4;
				WATCHOS_DEPLOYMENT_TARGET = 5.3;
			};
			name = Release;
		};
/* End XCBuildConfiguration section */

/* Begin XCConfigurationList section */
		001731B61DC36B3B0082FC01 /* Build configuration list for PBXProject "Json-WatchApp" */ = {
			isa = XCConfigurationList;
			buildConfigurations = (
				001731CB1DC36B3B0082FC01 /* Debug */,
				001731CC1DC36B3B0082FC01 /* Release */,
			);
			defaultConfigurationIsVisible = 0;
			defaultConfigurationName = Release;
		};
		001731CD1DC36B3B0082FC01 /* Build configuration list for PBXNativeTarget "Json-WatchApp" */ = {
			isa = XCConfigurationList;
			buildConfigurations = (
				001731CE1DC36B3B0082FC01 /* Debug */,
				001731CF1DC36B3B0082FC01 /* Release */,
			);
			defaultConfigurationIsVisible = 0;
			defaultConfigurationName = Release;
		};
		AECBDF01256CB08F009E3569 /* Build configuration list for PBXNativeTarget "Json-WatchApp-WatchKit Extension" */ = {
			isa = XCConfigurationList;
			buildConfigurations = (
				AECBDF02256CB08F009E3569 /* Debug */,
				AECBDF03256CB08F009E3569 /* Release */,
			);
			defaultConfigurationIsVisible = 0;
			defaultConfigurationName = Release;
		};
		AECBDF05256CB08F009E3569 /* Build configuration list for PBXNativeTarget "Json-WatchApp-WatchKit" */ = {
			isa = XCConfigurationList;
			buildConfigurations = (
				AECBDF06256CB08F009E3569 /* Debug */,
				AECBDF07256CB08F009E3569 /* Release */,
			);
			defaultConfigurationIsVisible = 0;
			defaultConfigurationName = Release;
		};
/* End XCConfigurationList section */
	};
	rootObject = 001731B31DC36B3B0082FC01 /* Project object */;
}
